// !$*UTF8*$!
{
	archiveVersion = 1;
	classes = {
	};
	objectVersion = 46;
	objects = {

/* Begin PBXBuildFile section */
		197821E31E4C93D100AFCF81 /* AppDelegate.swift in Sources */ = {isa = PBXBuildFile; fileRef = 197821E21E4C93D100AFCF81 /* AppDelegate.swift */; };
		197821E51E4C93D100AFCF81 /* ViewController.swift in Sources */ = {isa = PBXBuildFile; fileRef = 197821E41E4C93D100AFCF81 /* ViewController.swift */; };
		197821E81E4C93D100AFCF81 /* Main.storyboard in Resources */ = {isa = PBXBuildFile; fileRef = 197821E61E4C93D100AFCF81 /* Main.storyboard */; };
		197821EA1E4C93D100AFCF81 /* Assets.xcassets in Resources */ = {isa = PBXBuildFile; fileRef = 197821E91E4C93D100AFCF81 /* Assets.xcassets */; };
		197821ED1E4C93D100AFCF81 /* LaunchScreen.storyboard in Resources */ = {isa = PBXBuildFile; fileRef = 197821EB1E4C93D100AFCF81 /* LaunchScreen.storyboard */; };
		197821F81E4C93D100AFCF81 /* ProcessExampleTests.swift in Sources */ = {isa = PBXBuildFile; fileRef = 197821F71E4C93D100AFCF81 /* ProcessExampleTests.swift */; };
		197822031E4C93D100AFCF81 /* ProcessExampleUITests.swift in Sources */ = {isa = PBXBuildFile; fileRef = 197822021E4C93D100AFCF81 /* ProcessExampleUITests.swift */; };
/* End PBXBuildFile section */

/* Begin PBXContainerItemProxy section */
		197821F41E4C93D100AFCF81 /* PBXContainerItemProxy */ = {
			isa = PBXContainerItemProxy;
			containerPortal = 197821D71E4C93D100AFCF81 /* Project object */;
			proxyType = 1;
			remoteGlobalIDString = 197821DE1E4C93D100AFCF81;
			remoteInfo = ProcessExample;
		};
		197821FF1E4C93D100AFCF81 /* PBXContainerItemProxy */ = {
			isa = PBXContainerItemProxy;
			containerPortal = 197821D71E4C93D100AFCF81 /* Project object */;
			proxyType = 1;
			remoteGlobalIDString = 197821DE1E4C93D100AFCF81;
			remoteInfo = ProcessExample;
		};
/* End PBXContainerItemProxy section */

/* Begin PBXFileReference section */
		197821DF1E4C93D100AFCF81 /* ProcessExample.app */ = {isa = PBXFileReference; explicitFileType = wrapper.application; includeInIndex = 0; path = ProcessExample.app; sourceTree = BUILT_PRODUCTS_DIR; };
		197821E21E4C93D100AFCF81 /* AppDelegate.swift */ = {isa = PBXFileReference; lastKnownFileType = sourcecode.swift; path = AppDelegate.swift; sourceTree = "<group>"; };
		197821E41E4C93D100AFCF81 /* ViewController.swift */ = {isa = PBXFileReference; lastKnownFileType = sourcecode.swift; path = ViewController.swift; sourceTree = "<group>"; };
		197821E71E4C93D100AFCF81 /* Base */ = {isa = PBXFileReference; lastKnownFileType = file.storyboard; name = Base; path = Base.lproj/Main.storyboard; sourceTree = "<group>"; };
		197821E91E4C93D100AFCF81 /* Assets.xcassets */ = {isa = PBXFileReference; lastKnownFileType = folder.assetcatalog; path = Assets.xcassets; sourceTree = "<group>"; };
		197821EC1E4C93D100AFCF81 /* Base */ = {isa = PBXFileReference; lastKnownFileType = file.storyboard; name = Base; path = Base.lproj/LaunchScreen.storyboard; sourceTree = "<group>"; };
		197821EE1E4C93D100AFCF81 /* Info.plist */ = {isa = PBXFileReference; lastKnownFileType = text.plist.xml; path = Info.plist; sourceTree = "<group>"; };
		197821F31E4C93D100AFCF81 /* ProcessExampleTests.xctest */ = {isa = PBXFileReference; explicitFileType = wrapper.cfbundle; includeInIndex = 0; path = ProcessExampleTests.xctest; sourceTree = BUILT_PRODUCTS_DIR; };
		197821F71E4C93D100AFCF81 /* ProcessExampleTests.swift */ = {isa = PBXFileReference; lastKnownFileType = sourcecode.swift; path = ProcessExampleTests.swift; sourceTree = "<group>"; };
		197821F91E4C93D100AFCF81 /* Info.plist */ = {isa = PBXFileReference; lastKnownFileType = text.plist.xml; path = Info.plist; sourceTree = "<group>"; };
		197821FE1E4C93D100AFCF81 /* ProcessExampleUITests.xctest */ = {isa = PBXFileReference; explicitFileType = wrapper.cfbundle; includeInIndex = 0; path = ProcessExampleUITests.xctest; sourceTree = BUILT_PRODUCTS_DIR; };
		197822021E4C93D100AFCF81 /* ProcessExampleUITests.swift */ = {isa = PBXFileReference; lastKnownFileType = sourcecode.swift; path = ProcessExampleUITests.swift; sourceTree = "<group>"; };
		197822041E4C93D100AFCF81 /* Info.plist */ = {isa = PBXFileReference; lastKnownFileType = text.plist.xml; path = Info.plist; sourceTree = "<group>"; };
/* End PBXFileReference section */

/* Begin PBXFrameworksBuildPhase section */
		197821DC1E4C93D100AFCF81 /* Frameworks */ = {
			isa = PBXFrameworksBuildPhase;
			buildActionMask = 2147483647;
			files = (
			);
			runOnlyForDeploymentPostprocessing = 0;
		};
		197821F01E4C93D100AFCF81 /* Frameworks */ = {
			isa = PBXFrameworksBuildPhase;
			buildActionMask = 2147483647;
			files = (
			);
			runOnlyForDeploymentPostprocessing = 0;
		};
		197821FB1E4C93D100AFCF81 /* Frameworks */ = {
			isa = PBXFrameworksBuildPhase;
			buildActionMask = 2147483647;
			files = (
			);
			runOnlyForDeploymentPostprocessing = 0;
		};
/* End PBXFrameworksBuildPhase section */

/* Begin PBXGroup section */
		197821D61E4C93D100AFCF81 = {
			isa = PBXGroup;
			children = (
				197821E11E4C93D100AFCF81 /* ProcessExample */,
				197821F61E4C93D100AFCF81 /* ProcessExampleTests */,
				197822011E4C93D100AFCF81 /* ProcessExampleUITests */,
				197821E01E4C93D100AFCF81 /* Products */,
			);
			sourceTree = "<group>";
		};
		197821E01E4C93D100AFCF81 /* Products */ = {
			isa = PBXGroup;
			children = (
				197821DF1E4C93D100AFCF81 /* ProcessExample.app */,
				197821F31E4C93D100AFCF81 /* ProcessExampleTests.xctest */,
				197821FE1E4C93D100AFCF81 /* ProcessExampleUITests.xctest */,
			);
			name = Products;
			sourceTree = "<group>";
		};
		197821E11E4C93D100AFCF81 /* ProcessExample */ = {
			isa = PBXGroup;
			children = (
				197821E21E4C93D100AFCF81 /* AppDelegate.swift */,
				197821E41E4C93D100AFCF81 /* ViewController.swift */,
				197821E61E4C93D100AFCF81 /* Main.storyboard */,
				197821E91E4C93D100AFCF81 /* Assets.xcassets */,
				197821EB1E4C93D100AFCF81 /* LaunchScreen.storyboard */,
				197821EE1E4C93D100AFCF81 /* Info.plist */,
			);
			path = ProcessExample;
			sourceTree = "<group>";
		};
		197821F61E4C93D100AFCF81 /* ProcessExampleTests */ = {
			isa = PBXGroup;
			children = (
				197821F71E4C93D100AFCF81 /* ProcessExampleTests.swift */,
				197821F91E4C93D100AFCF81 /* Info.plist */,
			);
			path = ProcessExampleTests;
			sourceTree = "<group>";
		};
		197822011E4C93D100AFCF81 /* ProcessExampleUITests */ = {
			isa = PBXGroup;
			children = (
				197822021E4C93D100AFCF81 /* ProcessExampleUITests.swift */,
				197822041E4C93D100AFCF81 /* Info.plist */,
			);
			path = ProcessExampleUITests;
			sourceTree = "<group>";
		};
/* End PBXGroup section */

/* Begin PBXNativeTarget section */
		197821DE1E4C93D100AFCF81 /* ProcessExample */ = {
			isa = PBXNativeTarget;
			buildConfigurationList = 197822071E4C93D100AFCF81 /* Build configuration list for PBXNativeTarget "ProcessExample" */;
			buildPhases = (
				197821DB1E4C93D100AFCF81 /* Sources */,
				197821DC1E4C93D100AFCF81 /* Frameworks */,
				197821DD1E4C93D100AFCF81 /* Resources */,
			);
			buildRules = (
			);
			dependencies = (
			);
			name = ProcessExample;
			productName = ProcessExample;
			productReference = 197821DF1E4C93D100AFCF81 /* ProcessExample.app */;
			productType = "com.apple.product-type.application";
		};
		197821F21E4C93D100AFCF81 /* ProcessExampleTests */ = {
			isa = PBXNativeTarget;
			buildConfigurationList = 1978220A1E4C93D100AFCF81 /* Build configuration list for PBXNativeTarget "ProcessExampleTests" */;
			buildPhases = (
				197821EF1E4C93D100AFCF81 /* Sources */,
				197821F01E4C93D100AFCF81 /* Frameworks */,
				197821F11E4C93D100AFCF81 /* Resources */,
			);
			buildRules = (
			);
			dependencies = (
				197821F51E4C93D100AFCF81 /* PBXTargetDependency */,
			);
			name = ProcessExampleTests;
			productName = ProcessExampleTests;
			productReference = 197821F31E4C93D100AFCF81 /* ProcessExampleTests.xctest */;
			productType = "com.apple.product-type.bundle.unit-test";
		};
		197821FD1E4C93D100AFCF81 /* ProcessExampleUITests */ = {
			isa = PBXNativeTarget;
			buildConfigurationList = 1978220D1E4C93D100AFCF81 /* Build configuration list for PBXNativeTarget "ProcessExampleUITests" */;
			buildPhases = (
				197821FA1E4C93D100AFCF81 /* Sources */,
				197821FB1E4C93D100AFCF81 /* Frameworks */,
				197821FC1E4C93D100AFCF81 /* Resources */,
			);
			buildRules = (
			);
			dependencies = (
				197822001E4C93D100AFCF81 /* PBXTargetDependency */,
			);
			name = ProcessExampleUITests;
			productName = ProcessExampleUITests;
			productReference = 197821FE1E4C93D100AFCF81 /* ProcessExampleUITests.xctest */;
			productType = "com.apple.product-type.bundle.ui-testing";
		};
/* End PBXNativeTarget section */

/* Begin PBXProject section */
		197821D71E4C93D100AFCF81 /* Project object */ = {
			isa = PBXProject;
			attributes = {
				LastSwiftUpdateCheck = 0820;
				LastUpgradeCheck = 0820;
				ORGANIZATIONNAME = appirca;
				TargetAttributes = {
					197821DE1E4C93D100AFCF81 = {
						CreatedOnToolsVersion = 8.2.1;
						DevelopmentTeam = 7V5LK3MGDE;
						ProvisioningStyle = Automatic;
					};
					197821F21E4C93D100AFCF81 = {
						CreatedOnToolsVersion = 8.2.1;
						DevelopmentTeam = 7V5LK3MGDE;
						ProvisioningStyle = Automatic;
						TestTargetID = 197821DE1E4C93D100AFCF81;
					};
					197821FD1E4C93D100AFCF81 = {
						CreatedOnToolsVersion = 8.2.1;
						DevelopmentTeam = 7V5LK3MGDE;
						ProvisioningStyle = Automatic;
						TestTargetID = 197821DE1E4C93D100AFCF81;
					};
				};
			};
			buildConfigurationList = 197821DA1E4C93D100AFCF81 /* Build configuration list for PBXProject "ProcessExample" */;
			compatibilityVersion = "Xcode 3.2";
			developmentRegion = English;
			hasScannedForEncodings = 0;
			knownRegions = (
				en,
				Base,
			);
			mainGroup = 197821D61E4C93D100AFCF81;
			productRefGroup = 197821E01E4C93D100AFCF81 /* Products */;
			projectDirPath = "";
			projectRoot = "";
			targets = (
				197821DE1E4C93D100AFCF81 /* ProcessExample */,
				197821F21E4C93D100AFCF81 /* ProcessExampleTests */,
				197821FD1E4C93D100AFCF81 /* ProcessExampleUITests */,
			);
		};
/* End PBXProject section */

/* Begin PBXResourcesBuildPhase section */
		197821DD1E4C93D100AFCF81 /* Resources */ = {
			isa = PBXResourcesBuildPhase;
			buildActionMask = 2147483647;
			files = (
				197821ED1E4C93D100AFCF81 /* LaunchScreen.storyboard in Resources */,
				197821EA1E4C93D100AFCF81 /* Assets.xcassets in Resources */,
				197821E81E4C93D100AFCF81 /* Main.storyboard in Resources */,
			);
			runOnlyForDeploymentPostprocessing = 0;
		};
		197821F11E4C93D100AFCF81 /* Resources */ = {
			isa = PBXResourcesBuildPhase;
			buildActionMask = 2147483647;
			files = (
			);
			runOnlyForDeploymentPostprocessing = 0;
		};
		197821FC1E4C93D100AFCF81 /* Resources */ = {
			isa = PBXResourcesBuildPhase;
			buildActionMask = 2147483647;
			files = (
			);
			runOnlyForDeploymentPostprocessing = 0;
		};
/* End PBXResourcesBuildPhase section */

/* Begin PBXSourcesBuildPhase section */
		197821DB1E4C93D100AFCF81 /* Sources */ = {
			isa = PBXSourcesBuildPhase;
			buildActionMask = 2147483647;
			files = (
				197821E51E4C93D100AFCF81 /* ViewController.swift in Sources */,
				197821E31E4C93D100AFCF81 /* AppDelegate.swift in Sources */,
			);
			runOnlyForDeploymentPostprocessing = 0;
		};
		197821EF1E4C93D100AFCF81 /* Sources */ = {
			isa = PBXSourcesBuildPhase;
			buildActionMask = 2147483647;
			files = (
				197821F81E4C93D100AFCF81 /* ProcessExampleTests.swift in Sources */,
			);
			runOnlyForDeploymentPostprocessing = 0;
		};
		197821FA1E4C93D100AFCF81 /* Sources */ = {
			isa = PBXSourcesBuildPhase;
			buildActionMask = 2147483647;
			files = (
				197822031E4C93D100AFCF81 /* ProcessExampleUITests.swift in Sources */,
			);
			runOnlyForDeploymentPostprocessing = 0;
		};
/* End PBXSourcesBuildPhase section */

/* Begin PBXTargetDependency section */
		197821F51E4C93D100AFCF81 /* PBXTargetDependency */ = {
			isa = PBXTargetDependency;
			target = 197821DE1E4C93D100AFCF81 /* ProcessExample */;
			targetProxy = 197821F41E4C93D100AFCF81 /* PBXContainerItemProxy */;
		};
		197822001E4C93D100AFCF81 /* PBXTargetDependency */ = {
			isa = PBXTargetDependency;
			target = 197821DE1E4C93D100AFCF81 /* ProcessExample */;
			targetProxy = 197821FF1E4C93D100AFCF81 /* PBXContainerItemProxy */;
		};
/* End PBXTargetDependency section */

/* Begin PBXVariantGroup section */
		197821E61E4C93D100AFCF81 /* Main.storyboard */ = {
			isa = PBXVariantGroup;
			children = (
				197821E71E4C93D100AFCF81 /* Base */,
			);
			name = Main.storyboard;
			sourceTree = "<group>";
		};
		197821EB1E4C93D100AFCF81 /* LaunchScreen.storyboard */ = {
			isa = PBXVariantGroup;
			children = (
				197821EC1E4C93D100AFCF81 /* Base */,
			);
			name = LaunchScreen.storyboard;
			sourceTree = "<group>";
		};
/* End PBXVariantGroup section */

/* Begin XCBuildConfiguration section */
		197822051E4C93D100AFCF81 /* Debug */ = {
			isa = XCBuildConfiguration;
			buildSettings = {
				ALWAYS_SEARCH_USER_PATHS = NO;
				CLANG_ANALYZER_NONNULL = YES;
				CLANG_CXX_LANGUAGE_STANDARD = "gnu++0x";
				CLANG_CXX_LIBRARY = "libc++";
				CLANG_ENABLE_MODULES = YES;
				CLANG_ENABLE_OBJC_ARC = YES;
				CLANG_WARN_BOOL_CONVERSION = YES;
				CLANG_WARN_CONSTANT_CONVERSION = YES;
				CLANG_WARN_DIRECT_OBJC_ISA_USAGE = YES_ERROR;
				CLANG_WARN_DOCUMENTATION_COMMENTS = YES;
				CLANG_WARN_EMPTY_BODY = YES;
				CLANG_WARN_ENUM_CONVERSION = YES;
				CLANG_WARN_INFINITE_RECURSION = YES;
				CLANG_WARN_INT_CONVERSION = YES;
				CLANG_WARN_OBJC_ROOT_CLASS = YES_ERROR;
				CLANG_WARN_SUSPICIOUS_MOVE = YES;
				CLANG_WARN_UNREACHABLE_CODE = YES;
				CLANG_WARN__DUPLICATE_METHOD_MATCH = YES;
				"CODE_SIGN_IDENTITY[sdk=iphoneos*]" = "iPhone Developer";
				COPY_PHASE_STRIP = NO;
				DEBUG_INFORMATION_FORMAT = dwarf;
				ENABLE_STRICT_OBJC_MSGSEND = YES;
				ENABLE_TESTABILITY = YES;
				GCC_C_LANGUAGE_STANDARD = gnu99;
				GCC_DYNAMIC_NO_PIC = NO;
				GCC_NO_COMMON_BLOCKS = YES;
				GCC_OPTIMIZATION_LEVEL = 0;
				GCC_PREPROCESSOR_DEFINITIONS = (
					"DEBUG=1",
					"$(inherited)",
				);
				GCC_WARN_64_TO_32_BIT_CONVERSION = YES;
				GCC_WARN_ABOUT_RETURN_TYPE = YES_ERROR;
				GCC_WARN_UNDECLARED_SELECTOR = YES;
				GCC_WARN_UNINITIALIZED_AUTOS = YES_AGGRESSIVE;
				GCC_WARN_UNUSED_FUNCTION = YES;
				GCC_WARN_UNUSED_VARIABLE = YES;
				IPHONEOS_DEPLOYMENT_TARGET = 10.2;
				MTL_ENABLE_DEBUG_INFO = YES;
				ONLY_ACTIVE_ARCH = YES;
				SDKROOT = iphoneos;
				SWIFT_ACTIVE_COMPILATION_CONDITIONS = DEBUG;
				SWIFT_OPTIMIZATION_LEVEL = "-Onone";
				TARGETED_DEVICE_FAMILY = "1,2";
			};
			name = Debug;
		};
		197822061E4C93D100AFCF81 /* Release */ = {
			isa = XCBuildConfiguration;
			buildSettings = {
				ALWAYS_SEARCH_USER_PATHS = NO;
				CLANG_ANALYZER_NONNULL = YES;
				CLANG_CXX_LANGUAGE_STANDARD = "gnu++0x";
				CLANG_CXX_LIBRARY = "libc++";
				CLANG_ENABLE_MODULES = YES;
				CLANG_ENABLE_OBJC_ARC = YES;
				CLANG_WARN_BOOL_CONVERSION = YES;
				CLANG_WARN_CONSTANT_CONVERSION = YES;
				CLANG_WARN_DIRECT_OBJC_ISA_USAGE = YES_ERROR;
				CLANG_WARN_DOCUMENTATION_COMMENTS = YES;
				CLANG_WARN_EMPTY_BODY = YES;
				CLANG_WARN_ENUM_CONVERSION = YES;
				CLANG_WARN_INFINITE_RECURSION = YES;
				CLANG_WARN_INT_CONVERSION = YES;
				CLANG_WARN_OBJC_ROOT_CLASS = YES_ERROR;
				CLANG_WARN_SUSPICIOUS_MOVE = YES;
				CLANG_WARN_UNREACHABLE_CODE = YES;
				CLANG_WARN__DUPLICATE_METHOD_MATCH = YES;
				"CODE_SIGN_IDENTITY[sdk=iphoneos*]" = "iPhone Developer";
				COPY_PHASE_STRIP = NO;
				DEBUG_INFORMATION_FORMAT = "dwarf-with-dsym";
				ENABLE_NS_ASSERTIONS = NO;
				ENABLE_STRICT_OBJC_MSGSEND = YES;
				GCC_C_LANGUAGE_STANDARD = gnu99;
				GCC_NO_COMMON_BLOCKS = YES;
				GCC_WARN_64_TO_32_BIT_CONVERSION = YES;
				GCC_WARN_ABOUT_RETURN_TYPE = YES_ERROR;
				GCC_WARN_UNDECLARED_SELECTOR = YES;
				GCC_WARN_UNINITIALIZED_AUTOS = YES_AGGRESSIVE;
				GCC_WARN_UNUSED_FUNCTION = YES;
				GCC_WARN_UNUSED_VARIABLE = YES;
				IPHONEOS_DEPLOYMENT_TARGET = 10.2;
				MTL_ENABLE_DEBUG_INFO = NO;
				SDKROOT = iphoneos;
				SWIFT_OPTIMIZATION_LEVEL = "-Owholemodule";
				TARGETED_DEVICE_FAMILY = "1,2";
				VALIDATE_PRODUCT = YES;
			};
			name = Release;
		};
		197822081E4C93D100AFCF81 /* Debug */ = {
			isa = XCBuildConfiguration;
			buildSettings = {
				ASSETCATALOG_COMPILER_APPICON_NAME = AppIcon;
				DEVELOPMENT_TEAM = 7V5LK3MGDE;
				INFOPLIST_FILE = ProcessExample/Info.plist;
				LD_RUNPATH_SEARCH_PATHS = "$(inherited) @executable_path/Frameworks";
				PRODUCT_BUNDLE_IDENTIFIER = appirca.ProcessExample;
				PRODUCT_NAME = "$(TARGET_NAME)";
				SWIFT_VERSION = 3.0;
			};
			name = Debug;
		};
		197822091E4C93D100AFCF81 /* Release */ = {
			isa = XCBuildConfiguration;
			buildSettings = {
				ASSETCATALOG_COMPILER_APPICON_NAME = AppIcon;
				DEVELOPMENT_TEAM = 7V5LK3MGDE;
				INFOPLIST_FILE = ProcessExample/Info.plist;
				LD_RUNPATH_SEARCH_PATHS = "$(inherited) @executable_path/Frameworks";
				PRODUCT_BUNDLE_IDENTIFIER = appirca.ProcessExample;
				PRODUCT_NAME = "$(TARGET_NAME)";
				SWIFT_VERSION = 3.0;
			};
			name = Release;
		};
		1978220B1E4C93D100AFCF81 /* Debug */ = {
			isa = XCBuildConfiguration;
			buildSettings = {
				ALWAYS_EMBED_SWIFT_STANDARD_LIBRARIES = YES;
				BUNDLE_LOADER = "$(TEST_HOST)";
				DEVELOPMENT_TEAM = 7V5LK3MGDE;
				INFOPLIST_FILE = ProcessExampleTests/Info.plist;
				LD_RUNPATH_SEARCH_PATHS = "$(inherited) @executable_path/Frameworks @loader_path/Frameworks";
				PRODUCT_BUNDLE_IDENTIFIER = appirca.ProcessExampleTests;
				PRODUCT_NAME = "$(TARGET_NAME)";
				SWIFT_VERSION = 3.0;
				TEST_HOST = "$(BUILT_PRODUCTS_DIR)/ProcessExample.app/ProcessExample";
			};
			name = Debug;
		};
		1978220C1E4C93D100AFCF81 /* Release */ = {
			isa = XCBuildConfiguration;
			buildSettings = {
				ALWAYS_EMBED_SWIFT_STANDARD_LIBRARIES = YES;
				BUNDLE_LOADER = "$(TEST_HOST)";
				DEVELOPMENT_TEAM = 7V5LK3MGDE;
				INFOPLIST_FILE = ProcessExampleTests/Info.plist;
				LD_RUNPATH_SEARCH_PATHS = "$(inherited) @executable_path/Frameworks @loader_path/Frameworks";
				PRODUCT_BUNDLE_IDENTIFIER = appirca.ProcessExampleTests;
				PRODUCT_NAME = "$(TARGET_NAME)";
				SWIFT_VERSION = 3.0;
				TEST_HOST = "$(BUILT_PRODUCTS_DIR)/ProcessExample.app/ProcessExample";
			};
			name = Release;
		};
		1978220E1E4C93D100AFCF81 /* Debug */ = {
			isa = XCBuildConfiguration;
			buildSettings = {
				ALWAYS_EMBED_SWIFT_STANDARD_LIBRARIES = YES;
				DEVELOPMENT_TEAM = 7V5LK3MGDE;
				INFOPLIST_FILE = ProcessExampleUITests/Info.plist;
				LD_RUNPATH_SEARCH_PATHS = "$(inherited) @executable_path/Frameworks @loader_path/Frameworks";
				PRODUCT_BUNDLE_IDENTIFIER = appirca.ProcessExampleUITests;
				PRODUCT_NAME = "$(TARGET_NAME)";
				SWIFT_VERSION = 3.0;
				TEST_TARGET_NAME = ProcessExample;
			};
			name = Debug;
		};
		1978220F1E4C93D100AFCF81 /* Release */ = {
			isa = XCBuildConfiguration;
			buildSettings = {
				ALWAYS_EMBED_SWIFT_STANDARD_LIBRARIES = YES;
				DEVELOPMENT_TEAM = 7V5LK3MGDE;
				INFOPLIST_FILE = ProcessExampleUITests/Info.plist;
				LD_RUNPATH_SEARCH_PATHS = "$(inherited) @executable_path/Frameworks @loader_path/Frameworks";
				PRODUCT_BUNDLE_IDENTIFIER = appirca.ProcessExampleUITests;
				PRODUCT_NAME = "$(TARGET_NAME)";
				SWIFT_VERSION = 3.0;
				TEST_TARGET_NAME = ProcessExample;
			};
			name = Release;
		};
/* End XCBuildConfiguration section */

/* Begin XCConfigurationList section */
		197821DA1E4C93D100AFCF81 /* Build configuration list for PBXProject "ProcessExample" */ = {
			isa = XCConfigurationList;
			buildConfigurations = (
				197822051E4C93D100AFCF81 /* Debug */,
				197822061E4C93D100AFCF81 /* Release */,
			);
			defaultConfigurationIsVisible = 0;
			defaultConfigurationName = Release;
		};
		197822071E4C93D100AFCF81 /* Build configuration list for PBXNativeTarget "ProcessExample" */ = {
			isa = XCConfigurationList;
			buildConfigurations = (
				197822081E4C93D100AFCF81 /* Debug */,
				197822091E4C93D100AFCF81 /* Release */,
			);
			defaultConfigurationIsVisible = 0;
		};
		1978220A1E4C93D100AFCF81 /* Build configuration list for PBXNativeTarget "ProcessExampleTests" */ = {
			isa = XCConfigurationList;
			buildConfigurations = (
				1978220B1E4C93D100AFCF81 /* Debug */,
				1978220C1E4C93D100AFCF81 /* Release */,
			);
			defaultConfigurationIsVisible = 0;
		};
		1978220D1E4C93D100AFCF81 /* Build configuration list for PBXNativeTarget "ProcessExampleUITests" */ = {
			isa = XCConfigurationList;
			buildConfigurations = (
				1978220E1E4C93D100AFCF81 /* Debug */,
				1978220F1E4C93D100AFCF81 /* Release */,
			);
			defaultConfigurationIsVisible = 0;
		};
/* End XCConfigurationList section */
	};
	rootObject = 197821D71E4C93D100AFCF81 /* Project object */;
}
