// !$*UTF8*$!
{
	archiveVersion = 1;
	classes = {
	};
	objectVersion = 46;
	objects = {

/* Begin PBXBuildFile section */
		192347FB1DFD0FC4008D3CCC /* AppDelegate.swift in Sources */ = {isa = PBXBuildFile; fileRef = 192347FA1DFD0FC4008D3CCC /* AppDelegate.swift */; };
		192347FD1DFD0FC4008D3CCC /* ViewController.swift in Sources */ = {isa = PBXBuildFile; fileRef = 192347FC1DFD0FC4008D3CCC /* ViewController.swift */; };
		192348001DFD0FC4008D3CCC /* Main.storyboard in Resources */ = {isa = PBXBuildFile; fileRef = 192347FE1DFD0FC4008D3CCC /* Main.storyboard */; };
		192348021DFD0FC4008D3CCC /* Assets.xcassets in Resources */ = {isa = PBXBuildFile; fileRef = 192348011DFD0FC4008D3CCC /* Assets.xcassets */; };
		192348051DFD0FC4008D3CCC /* LaunchScreen.storyboard in Resources */ = {isa = PBXBuildFile; fileRef = 192348031DFD0FC4008D3CCC /* LaunchScreen.storyboard */; };
/* End PBXBuildFile section */

/* Begin PBXFileReference section */
		192347F71DFD0FC4008D3CCC /* CameraExample.app */ = {isa = PBXFileReference; explicitFileType = wrapper.application; includeInIndex = 0; path = CameraExample.app; sourceTree = BUILT_PRODUCTS_DIR; };
		192347FA1DFD0FC4008D3CCC /* AppDelegate.swift */ = {isa = PBXFileReference; lastKnownFileType = sourcecode.swift; path = AppDelegate.swift; sourceTree = "<group>"; };
		192347FC1DFD0FC4008D3CCC /* ViewController.swift */ = {isa = PBXFileReference; lastKnownFileType = sourcecode.swift; path = ViewController.swift; sourceTree = "<group>"; };
		192347FF1DFD0FC4008D3CCC /* Base */ = {isa = PBXFileReference; lastKnownFileType = file.storyboard; name = Base; path = Base.lproj/Main.storyboard; sourceTree = "<group>"; };
		192348011DFD0FC4008D3CCC /* Assets.xcassets */ = {isa = PBXFileReference; lastKnownFileType = folder.assetcatalog; path = Assets.xcassets; sourceTree = "<group>"; };
		192348041DFD0FC4008D3CCC /* Base */ = {isa = PBXFileReference; lastKnownFileType = file.storyboard; name = Base; path = Base.lproj/LaunchScreen.storyboard; sourceTree = "<group>"; };
		192348061DFD0FC4008D3CCC /* Info.plist */ = {isa = PBXFileReference; lastKnownFileType = text.plist.xml; path = Info.plist; sourceTree = "<group>"; };
/* End PBXFileReference section */

/* Begin PBXFrameworksBuildPhase section */
		192347F41DFD0FC4008D3CCC /* Frameworks */ = {
			isa = PBXFrameworksBuildPhase;
			buildActionMask = 2147483647;
			files = (
			);
			runOnlyForDeploymentPostprocessing = 0;
		};
/* End PBXFrameworksBuildPhase section */

/* Begin PBXGroup section */
		192347EE1DFD0FC4008D3CCC = {
			isa = PBXGroup;
			children = (
				192347F91DFD0FC4008D3CCC /* CameraExample */,
				192347F81DFD0FC4008D3CCC /* Products */,
			);
			sourceTree = "<group>";
		};
		192347F81DFD0FC4008D3CCC /* Products */ = {
			isa = PBXGroup;
			children = (
				192347F71DFD0FC4008D3CCC /* CameraExample.app */,
			);
			name = Products;
			sourceTree = "<group>";
		};
		192347F91DFD0FC4008D3CCC /* CameraExample */ = {
			isa = PBXGroup;
			children = (
				192347FA1DFD0FC4008D3CCC /* AppDelegate.swift */,
				192347FC1DFD0FC4008D3CCC /* ViewController.swift */,
				192347FE1DFD0FC4008D3CCC /* Main.storyboard */,
				192348011DFD0FC4008D3CCC /* Assets.xcassets */,
				192348031DFD0FC4008D3CCC /* LaunchScreen.storyboard */,
				192348061DFD0FC4008D3CCC /* Info.plist */,
			);
			path = CameraExample;
			sourceTree = "<group>";
		};
/* End PBXGroup section */

/* Begin PBXNativeTarget section */
		192347F61DFD0FC4008D3CCC /* CameraExample */ = {
			isa = PBXNativeTarget;
			buildConfigurationList = 192348091DFD0FC4008D3CCC /* Build configuration list for PBXNativeTarget "CameraExample" */;
			buildPhases = (
				192347F31DFD0FC4008D3CCC /* Sources */,
				192347F41DFD0FC4008D3CCC /* Frameworks */,
				192347F51DFD0FC4008D3CCC /* Resources */,
			);
			buildRules = (
			);
			dependencies = (
			);
			name = CameraExample;
			productName = CameraExample;
			productReference = 192347F71DFD0FC4008D3CCC /* CameraExample.app */;
			productType = "com.apple.product-type.application";
		};
/* End PBXNativeTarget section */

/* Begin PBXProject section */
		192347EF1DFD0FC4008D3CCC /* Project object */ = {
			isa = PBXProject;
			attributes = {
				LastSwiftUpdateCheck = 0810;
				LastUpgradeCheck = 0810;
				ORGANIZATIONNAME = hironand;
				TargetAttributes = {
					192347F61DFD0FC4008D3CCC = {
						CreatedOnToolsVersion = 8.1;
						DevelopmentTeam = 7V5LK3MGDE;
						ProvisioningStyle = Automatic;
					};
				};
			};
			buildConfigurationList = 192347F21DFD0FC4008D3CCC /* Build configuration list for PBXProject "CameraExample" */;
			compatibilityVersion = "Xcode 3.2";
			developmentRegion = English;
			hasScannedForEncodings = 0;
			knownRegions = (
				en,
				Base,
			);
			mainGroup = 192347EE1DFD0FC4008D3CCC;
			productRefGroup = 192347F81DFD0FC4008D3CCC /* Products */;
			projectDirPath = "";
			projectRoot = "";
			targets = (
				192347F61DFD0FC4008D3CCC /* CameraExample */,
			);
		};
/* End PBXProject section */

/* Begin PBXResourcesBuildPhase section */
		192347F51DFD0FC4008D3CCC /* Resources */ = {
			isa = PBXResourcesBuildPhase;
			buildActionMask = 2147483647;
			files = (
				192348051DFD0FC4008D3CCC /* LaunchScreen.storyboard in Resources */,
				192348021DFD0FC4008D3CCC /* Assets.xcassets in Resources */,
				192348001DFD0FC4008D3CCC /* Main.storyboard in Resources */,
			);
			runOnlyForDeploymentPostprocessing = 0;
		};
/* End PBXResourcesBuildPhase section */

/* Begin PBXSourcesBuildPhase section */
		192347F31DFD0FC4008D3CCC /* Sources */ = {
			isa = PBXSourcesBuildPhase;
			buildActionMask = 2147483647;
			files = (
				192347FD1DFD0FC4008D3CCC /* ViewController.swift in Sources */,
				192347FB1DFD0FC4008D3CCC /* AppDelegate.swift in Sources */,
			);
			runOnlyForDeploymentPostprocessing = 0;
		};
/* End PBXSourcesBuildPhase section */

/* Begin PBXVariantGroup section */
		192347FE1DFD0FC4008D3CCC /* Main.storyboard */ = {
			isa = PBXVariantGroup;
			children = (
				192347FF1DFD0FC4008D3CCC /* Base */,
			);
			name = Main.storyboard;
			sourceTree = "<group>";
		};
		192348031DFD0FC4008D3CCC /* LaunchScreen.storyboard */ = {
			isa = PBXVariantGroup;
			children = (
				192348041DFD0FC4008D3CCC /* Base */,
			);
			name = LaunchScreen.storyboard;
			sourceTree = "<group>";
		};
/* End PBXVariantGroup section */

/* Begin XCBuildConfiguration section */
		192348071DFD0FC4008D3CCC /* Debug */ = {
			isa = XCBuildConfiguration;
			buildSettings = {
				ALWAYS_SEARCH_USER_PATHS = NO;
				CLANG_ANALYZER_NONNULL = YES;
				CLANG_CXX_LANGUAGE_STANDARD = "gnu++0x";
				CLANG_CXX_LIBRARY = "libc++";
				CLANG_ENABLE_MODULES = YES;
				CLANG_ENABLE_OBJC_ARC = YES;
				CLANG_WARN_BOOL_CONVERSION = YES;
				CLANG_WARN_CONSTANT_CONVERSION = YES;
				CLANG_WARN_DIRECT_OBJC_ISA_USAGE = YES_ERROR;
				CLANG_WARN_DOCUMENTATION_COMMENTS = YES;
				CLANG_WARN_EMPTY_BODY = YES;
				CLANG_WARN_ENUM_CONVERSION = YES;
				CLANG_WARN_INFINITE_RECURSION = YES;
				CLANG_WARN_INT_CONVERSION = YES;
				CLANG_WARN_OBJC_ROOT_CLASS = YES_ERROR;
				CLANG_WARN_SUSPICIOUS_MOVES = YES;
				CLANG_WARN_UNREACHABLE_CODE = YES;
				CLANG_WARN__DUPLICATE_METHOD_MATCH = YES;
				"CODE_SIGN_IDENTITY[sdk=iphoneos*]" = "iPhone Developer";
				COPY_PHASE_STRIP = NO;
				DEBUG_INFORMATION_FORMAT = dwarf;
				ENABLE_STRICT_OBJC_MSGSEND = YES;
				ENABLE_TESTABILITY = YES;
				GCC_C_LANGUAGE_STANDARD = gnu99;
				GCC_DYNAMIC_NO_PIC = NO;
				GCC_NO_COMMON_BLOCKS = YES;
				GCC_OPTIMIZATION_LEVEL = 0;
				GCC_PREPROCESSOR_DEFINITIONS = (
					"DEBUG=1",
					"$(inherited)",
				);
				GCC_WARN_64_TO_32_BIT_CONVERSION = YES;
				GCC_WARN_ABOUT_RETURN_TYPE = YES_ERROR;
				GCC_WARN_UNDECLARED_SELECTOR = YES;
				GCC_WARN_UNINITIALIZED_AUTOS = YES_AGGRESSIVE;
				GCC_WARN_UNUSED_FUNCTION = YES;
				GCC_WARN_UNUSED_VARIABLE = YES;
				IPHONEOS_DEPLOYMENT_TARGET = 10.1;
				MTL_ENABLE_DEBUG_INFO = YES;
				ONLY_ACTIVE_ARCH = YES;
				SDKROOT = iphoneos;
				SWIFT_ACTIVE_COMPILATION_CONDITIONS = DEBUG;
				SWIFT_OPTIMIZATION_LEVEL = "-Onone";
				TARGETED_DEVICE_FAMILY = "1,2";
			};
			name = Debug;
		};
		192348081DFD0FC4008D3CCC /* Release */ = {
			isa = XCBuildConfiguration;
			buildSettings = {
				ALWAYS_SEARCH_USER_PATHS = NO;
				CLANG_ANALYZER_NONNULL = YES;
				CLANG_CXX_LANGUAGE_STANDARD = "gnu++0x";
				CLANG_CXX_LIBRARY = "libc++";
				CLANG_ENABLE_MODULES = YES;
				CLANG_ENABLE_OBJC_ARC = YES;
				CLANG_WARN_BOOL_CONVERSION = YES;
				CLANG_WARN_CONSTANT_CONVERSION = YES;
				CLANG_WARN_DIRECT_OBJC_ISA_USAGE = YES_ERROR;
				CLANG_WARN_DOCUMENTATION_COMMENTS = YES;
				CLANG_WARN_EMPTY_BODY = YES;
				CLANG_WARN_ENUM_CONVERSION = YES;
				CLANG_WARN_INFINITE_RECURSION = YES;
				CLANG_WARN_INT_CONVERSION = YES;
				CLANG_WARN_OBJC_ROOT_CLASS = YES_ERROR;
				CLANG_WARN_SUSPICIOUS_MOVES = YES;
				CLANG_WARN_UNREACHABLE_CODE = YES;
				CLANG_WARN__DUPLICATE_METHOD_MATCH = YES;
				"CODE_SIGN_IDENTITY[sdk=iphoneos*]" = "iPhone Developer";
				COPY_PHASE_STRIP = NO;
				DEBUG_INFORMATION_FORMAT = "dwarf-with-dsym";
				ENABLE_NS_ASSERTIONS = NO;
				ENABLE_STRICT_OBJC_MSGSEND = YES;
				GCC_C_LANGUAGE_STANDARD = gnu99;
				GCC_NO_COMMON_BLOCKS = YES;
				GCC_WARN_64_TO_32_BIT_CONVERSION = YES;
				GCC_WARN_ABOUT_RETURN_TYPE = YES_ERROR;
				GCC_WARN_UNDECLARED_SELECTOR = YES;
				GCC_WARN_UNINITIALIZED_AUTOS = YES_AGGRESSIVE;
				GCC_WARN_UNUSED_FUNCTION = YES;
				GCC_WARN_UNUSED_VARIABLE = YES;
				IPHONEOS_DEPLOYMENT_TARGET = 10.1;
				MTL_ENABLE_DEBUG_INFO = NO;
				SDKROOT = iphoneos;
				SWIFT_OPTIMIZATION_LEVEL = "-Owholemodule";
				TARGETED_DEVICE_FAMILY = "1,2";
				VALIDATE_PRODUCT = YES;
			};
			name = Release;
		};
		1923480A1DFD0FC4008D3CCC /* Debug */ = {
			isa = XCBuildConfiguration;
			buildSettings = {
				ASSETCATALOG_COMPILER_APPICON_NAME = AppIcon;
				DEVELOPMENT_TEAM = 7V5LK3MGDE;
				INFOPLIST_FILE = CameraExample/Info.plist;
				IPHONEOS_DEPLOYMENT_TARGET = 10.0;
				LD_RUNPATH_SEARCH_PATHS = "$(inherited) @executable_path/Frameworks";
				PRODUCT_BUNDLE_IDENTIFIER = hironand.CameraExample;
				PRODUCT_NAME = "$(TARGET_NAME)";
				SWIFT_VERSION = 3.0;
			};
			name = Debug;
		};
		1923480B1DFD0FC4008D3CCC /* Release */ = {
			isa = XCBuildConfiguration;
			buildSettings = {
				ASSETCATALOG_COMPILER_APPICON_NAME = AppIcon;
				DEVELOPMENT_TEAM = 7V5LK3MGDE;
				INFOPLIST_FILE = CameraExample/Info.plist;
				IPHONEOS_DEPLOYMENT_TARGET = 10.0;
				LD_RUNPATH_SEARCH_PATHS = "$(inherited) @executable_path/Frameworks";
				PRODUCT_BUNDLE_IDENTIFIER = hironand.CameraExample;
				PRODUCT_NAME = "$(TARGET_NAME)";
				SWIFT_VERSION = 3.0;
			};
			name = Release;
		};
/* End XCBuildConfiguration section */

/* Begin XCConfigurationList section */
		192347F21DFD0FC4008D3CCC /* Build configuration list for PBXProject "CameraExample" */ = {
			isa = XCConfigurationList;
			buildConfigurations = (
				192348071DFD0FC4008D3CCC /* Debug */,
				192348081DFD0FC4008D3CCC /* Release */,
			);
			defaultConfigurationIsVisible = 0;
			defaultConfigurationName = Release;
		};
		192348091DFD0FC4008D3CCC /* Build configuration list for PBXNativeTarget "CameraExample" */ = {
			isa = XCConfigurationList;
			buildConfigurations = (
				1923480A1DFD0FC4008D3CCC /* Debug */,
				1923480B1DFD0FC4008D3CCC /* Release */,
			);
			defaultConfigurationIsVisible = 0;
		};
/* End XCConfigurationList section */
	};
	rootObject = 192347EF1DFD0FC4008D3CCC /* Project object */;
}
